{
  "requires": true,
  "lockfileVersion": 1,
  "dependencies": {
    "@types/node": {
      "version": "12.11.7",
      "resolved": "https://registry.npmjs.org/@types/node/-/node-12.11.7.tgz",
      "integrity": "sha512-JNbGaHFCLwgHn/iCckiGSOZ1XYHsKFwREtzPwSGCVld1SGhOlmZw2D4ZI94HQCrBHbADzW9m4LER/8olJTRGHA=="
    },
    "readline-sync": {
      "version": "1.4.10",
      "resolved": "https://registry.npmjs.org/readline-sync/-/readline-sync-1.4.10.tgz",
      "integrity": "sha512-gNva8/6UAe8QYepIQH/jQ2qn91Qj0B9sYjMBBs3QOB8F2CXcKgLxQaJRP76sWVRQt+QU+8fAkCbCvjjMFu7Ycw=="
    },
    "typescript": {
      "version": "3.6.4",
      "resolved": "https://registry.npmjs.org/typescript/-/typescript-3.6.4.tgz",
      "integrity": "sha512-unoCll1+l+YK4i4F8f22TaNVPRHcD9PA3yCuZ8g5e0qGqlVlJ/8FSateOLLSagn+Yg5+ZwuPkL8LFUc0Jcvksg=="
    }
  }
}
